{
  "requires": true,
  "lockfileVersion": 1,
  "dependencies": {
    "total.js": {
      "version": "2.8.0",
      "resolved": "https://registry.npmjs.org/total.js/-/total.js-2.8.0.tgz",
      "integrity": "sha512-xUBzGX2m5/Qv6TN2MsAWau3xPk67qaJPgTlSr7s7Xbxi/jaJQqbgf6ThcUvTdKqLaC02TugKz/R8W8KtuBIp3w=="
    }
  }
}
